
Microsoft Visual Studio Solution File, Format Version 12.00
# Visual Studio Version 16
VisualStudioVersion = 16.0.30621.155
MinimumVisualStudioVersion = 10.0.40219.1
Project("{9A19103F-16F7-4668-BE54-9A1E7A4F7556}") = "Spotify", "Spotify\Spotify.csproj", "{F6FB9A42-AC96-4A17-8690-76579978C446}"
EndProject
Project("{9A19103F-16F7-4668-BE54-9A1E7A4F7556}") = "Spotify.Tests", "Spotify.Tests\Spotify.Tests.csproj", "{EAFD1DDB-DB0D-4798-A097-E65C04C79986}"
EndProject
Global
	GlobalSection(SolutionConfigurationPlatforms) = preSolution
		Debug|Any CPU = Debug|Any CPU
		Release|Any CPU = Release|Any CPU
	EndGlobalSection
	GlobalSection(ProjectConfigurationPlatforms) = postSolution
		{F6FB9A42-AC96-4A17-8690-76579978C446}.Debug|Any CPU.ActiveCfg = Debug|Any CPU
		{F6FB9A42-AC96-4A17-8690-76579978C446}.Debug|Any CPU.Build.0 = Debug|Any CPU
		{F6FB9A42-AC96-4A17-8690-76579978C446}.Release|Any CPU.ActiveCfg = Release|Any CPU
		{F6FB9A42-AC96-4A17-8690-76579978C446}.Release|Any CPU.Build.0 = Release|Any CPU
		{9EBDF133-1E70-4B24-AA59-34343D28C1A3}.Debug|Any CPU.ActiveCfg = Debug|Any CPU
		{9EBDF133-1E70-4B24-AA59-34343D28C1A3}.Debug|Any CPU.Build.0 = Debug|Any CPU
		{9EBDF133-1E70-4B24-AA59-34343D28C1A3}.Release|Any CPU.ActiveCfg = Release|Any CPU
		{9EBDF133-1E70-4B24-AA59-34343D28C1A3}.Release|Any CPU.Build.0 = Release|Any CPU
		{EAFD1DDB-DB0D-4798-A097-E65C04C79986}.Debug|Any CPU.ActiveCfg = Debug|Any CPU
		{EAFD1DDB-DB0D-4798-A097-E65C04C79986}.Debug|Any CPU.Build.0 = Debug|Any CPU
		{EAFD1DDB-DB0D-4798-A097-E65C04C79986}.Release|Any CPU.ActiveCfg = Release|Any CPU
		{EAFD1DDB-DB0D-4798-A097-E65C04C79986}.Release|Any CPU.Build.0 = Release|Any CPU
	EndGlobalSection
	GlobalSection(SolutionProperties) = preSolution
		HideSolutionNode = FALSE
	EndGlobalSection
	GlobalSection(ExtensibilityGlobals) = postSolution
		SolutionGuid = {57E08287-1560-451D-8605-E25C562CBDC4}
	EndGlobalSection
EndGlobal
